
Microsoft Visual Studio Solution File, Format Version 12.00
# Visual Studio Version 16
VisualStudioVersion = 16.0.33920.266
MinimumVisualStudioVersion = 10.0.40219.1
Project("{FAE04EC0-301F-11D3-BF4B-00C04F79EFBC}") = "PhonePePaymentintegration", "PhonePePaymentintegration\PhonePePaymentintegration.csproj", "{82389979-5B6A-4698-AC67-C778A8CA6BBE}"
EndProject
Global
	GlobalSection(SolutionConfigurationPlatforms) = preSolution
		Debug|Any CPU = Debug|Any CPU
		Release|Any CPU = Release|Any CPU
	EndGlobalSection
	GlobalSection(ProjectConfigurationPlatforms) = postSolution
		{82389979-5B6A-4698-AC67-C778A8CA6BBE}.Debug|Any CPU.ActiveCfg = Debug|Any CPU
		{82389979-5B6A-4698-AC67-C778A8CA6BBE}.Debug|Any CPU.Build.0 = Debug|Any CPU
		{82389979-5B6A-4698-AC67-C778A8CA6BBE}.Release|Any CPU.ActiveCfg = Release|Any CPU
		{82389979-5B6A-4698-AC67-C778A8CA6BBE}.Release|Any CPU.Build.0 = Release|Any CPU
	EndGlobalSection
	GlobalSection(SolutionProperties) = preSolution
		HideSolutionNode = FALSE
	EndGlobalSection
	GlobalSection(ExtensibilityGlobals) = postSolution
		SolutionGuid = {996CFB1F-2099-4C63-A760-39EFE3A65EB8}
	EndGlobalSection
EndGlobal
